
Microsoft Visual Studio Solution File, Format Version 12.00
# Visual Studio 2012
Project("{FAE04EC0-301F-11D3-BF4B-00C04F79EFBC}") = "Projector", "Projector\Projector.csproj", "{5E5C5C8E-B340-4022-955B-443B31F54D2A}"
EndProject
Global
	GlobalSection(SolutionConfigurationPlatforms) = preSolution
		Debug|Any CPU = Debug|Any CPU
		Release|Any CPU = Release|Any CPU
	EndGlobalSection
	GlobalSection(ProjectConfigurationPlatforms) = postSolution
		{5E5C5C8E-B340-4022-955B-443B31F54D2A}.Debug|Any CPU.ActiveCfg = Debug|Any CPU
		{5E5C5C8E-B340-4022-955B-443B31F54D2A}.Debug|Any CPU.Build.0 = Debug|Any CPU
		{5E5C5C8E-B340-4022-955B-443B31F54D2A}.Release|Any CPU.ActiveCfg = Release|Any CPU
		{5E5C5C8E-B340-4022-955B-443B31F54D2A}.Release|Any CPU.Build.0 = Release|Any CPU
	EndGlobalSection
	GlobalSection(SolutionProperties) = preSolution
		HideSolutionNode = FALSE
	EndGlobalSection
EndGlobal
